
Microsoft Visual Studio Solution File, Format Version 12.00
# Visual Studio Version 17
VisualStudioVersion = 17.9.34728.123
MinimumVisualStudioVersion = 10.0.40219.1
Project("{FAE04EC0-301F-11D3-BF4B-00C04F79EFBC}") = "ZealandClimate", "ZealandClimate.csproj", "{DE644375-ADD3-414B-9AC3-8D82F035C2D1}"
EndProject
Global
	GlobalSection(SolutionConfigurationPlatforms) = preSolution
		Debug|Any CPU = Debug|Any CPU
		Release|Any CPU = Release|Any CPU
	EndGlobalSection
	GlobalSection(ProjectConfigurationPlatforms) = postSolution
		{DE644375-ADD3-414B-9AC3-8D82F035C2D1}.Debug|Any CPU.ActiveCfg = Debug|Any CPU
		{DE644375-ADD3-414B-9AC3-8D82F035C2D1}.Debug|Any CPU.Build.0 = Debug|Any CPU
		{DE644375-ADD3-414B-9AC3-8D82F035C2D1}.Release|Any CPU.ActiveCfg = Release|Any CPU
		{DE644375-ADD3-414B-9AC3-8D82F035C2D1}.Release|Any CPU.Build.0 = Release|Any CPU
	EndGlobalSection
	GlobalSection(SolutionProperties) = preSolution
		HideSolutionNode = FALSE
	EndGlobalSection
	GlobalSection(ExtensibilityGlobals) = postSolution
		SolutionGuid = {F4260E64-AB23-47F9-83AD-27F5CBD7FB0D}
	EndGlobalSection
EndGlobal
